
Microsoft Visual Studio Solution File, Format Version 12.00
# Visual Studio Version 16
VisualStudioVersion = 16.0.30503.244
MinimumVisualStudioVersion = 10.0.40219.1
Project("{9092AA53-FB77-4645-B42D-1CCCA6BD08BD}") = "TelegramBot", "TelegramBot\TelegramBot.njsproj", "{DEBA9804-EAEF-4B9F-8798-F2877D347E5D}"
EndProject
Global
	GlobalSection(SolutionConfigurationPlatforms) = preSolution
		Debug|Any CPU = Debug|Any CPU
		Release|Any CPU = Release|Any CPU
	EndGlobalSection
	GlobalSection(ProjectConfigurationPlatforms) = postSolution
		{DEBA9804-EAEF-4B9F-8798-F2877D347E5D}.Debug|Any CPU.ActiveCfg = Debug|Any CPU
		{DEBA9804-EAEF-4B9F-8798-F2877D347E5D}.Debug|Any CPU.Build.0 = Debug|Any CPU
		{DEBA9804-EAEF-4B9F-8798-F2877D347E5D}.Release|Any CPU.ActiveCfg = Release|Any CPU
		{DEBA9804-EAEF-4B9F-8798-F2877D347E5D}.Release|Any CPU.Build.0 = Release|Any CPU
	EndGlobalSection
	GlobalSection(SolutionProperties) = preSolution
		HideSolutionNode = FALSE
	EndGlobalSection
	GlobalSection(ExtensibilityGlobals) = postSolution
		SolutionGuid = {C6EA411B-08C8-4214-852D-3958760DF07B}
	EndGlobalSection
EndGlobal
